<?xml version="1.0" encoding="utf-8"?>
<Project ToolsVersion="4.0" xmlns="http://schemas.microsoft.com/developer/msbuild/2003">
  <ItemGroup>
    <Filter Include="include">
      <UniqueIdentifier>{93995380-89BD-4b04-88EB-625FBE52EBFB}</UniqueIdentifier>
      <Extensions>h;hh;hpp;hxx;hm;inl;inc;xsd</Extensions>
    </Filter>
    <Filter Include="src">
      <UniqueIdentifier>{35e1199f-8d96-43dd-bbe3-5699ee6d08ca}</UniqueIdentifier>
    </Filter>
  </ItemGroup>
  <ItemGroup>
    <Text Include="ReadMe.txt" />
  </ItemGroup>
  <ItemGroup>
    <ClInclude Include="include\Application.h">
      <Filter>include</Filter>
    </ClInclude>
    <ClInclude Include="include\RenderContext.h">
      <Filter>include</Filter>
    </ClInclude>
    <ClInclude Include="include\RenderDevice.h">
      <Filter>include</Filter>
    </ClInclude>
    <ClInclude Include="include\SingleTon.h">
      <Filter>include</Filter>
    </ClInclude>
    <ClInclude Include="include\Color.h">
      <Filter>include</Filter>
    </ClInclude>
    <ClInclude Include="include\Texture.h">
      <Filter>include</Filter>
    </ClInclude>
    <ClInclude Include="include\Types.h">
      <Filter>include</Filter>
    </ClInclude>
    <ClInclude Include="include\RenderTexture.h">
      <Filter>include</Filter>
    </ClInclude>
  </ItemGroup>
  <ItemGroup>
    <ClCompile Include="src\Application.cpp">
      <Filter>src</Filter>
    </ClCompile>
    <ClCompile Include="src\RenderContext.cpp">
      <Filter>src</Filter>
    </ClCompile>
    <ClCompile Include="src\Texture.cpp">
      <Filter>src</Filter>
    </ClCompile>
    <ClCompile Include="src\RenderTexture.cpp">
      <Filter>src</Filter>
    </ClCompile>
  </ItemGroup>
</Project>